
Microsoft Visual Studio Solution File, Format Version 12.00
# Visual Studio 15
VisualStudioVersion = 15.0.28307.1433
MinimumVisualStudioVersion = 10.0.40219.1
Project("{8BC9CEB8-8B4A-11D0-8D11-00A0C91BC942}") = "SinglyLinkedList", "SinglyLinkedList\SinglyLinkedList.vcxproj", "{319CCFFD-F084-4C59-B997-4B5BEC22240F}"
EndProject
Global
	GlobalSection(SolutionConfigurationPlatforms) = preSolution
		Debug|x64 = Debug|x64
		Debug|x86 = Debug|x86
		Release|x64 = Release|x64
		Release|x86 = Release|x86
	EndGlobalSection
	GlobalSection(ProjectConfigurationPlatforms) = postSolution
		{319CCFFD-F084-4C59-B997-4B5BEC22240F}.Debug|x64.ActiveCfg = Debug|x64
		{319CCFFD-F084-4C59-B997-4B5BEC22240F}.Debug|x64.Build.0 = Debug|x64
		{319CCFFD-F084-4C59-B997-4B5BEC22240F}.Debug|x86.ActiveCfg = Debug|Win32
		{319CCFFD-F084-4C59-B997-4B5BEC22240F}.Debug|x86.Build.0 = Debug|Win32
		{319CCFFD-F084-4C59-B997-4B5BEC22240F}.Release|x64.ActiveCfg = Release|x64
		{319CCFFD-F084-4C59-B997-4B5BEC22240F}.Release|x64.Build.0 = Release|x64
		{319CCFFD-F084-4C59-B997-4B5BEC22240F}.Release|x86.ActiveCfg = Release|Win32
		{319CCFFD-F084-4C59-B997-4B5BEC22240F}.Release|x86.Build.0 = Release|Win32
	EndGlobalSection
	GlobalSection(SolutionProperties) = preSolution
		HideSolutionNode = FALSE
	EndGlobalSection
	GlobalSection(ExtensibilityGlobals) = postSolution
		SolutionGuid = {2C906827-B8F2-4445-8102-642C58E18E67}
	EndGlobalSection
EndGlobal
